PODS:
  - AFNetworking (2.7.0):
    - AFNetworking/NSURLConnection (= 2.7.0)
    - AFNetworking/NSURLSession (= 2.7.0)
    - AFNetworking/Reachability (= 2.7.0)
    - AFNetworking/Security (= 2.7.0)
    - AFNetworking/Serialization (= 2.7.0)
    - AFNetworking/UIKit (= 2.7.0)
  - AFNetworking/NSURLConnection (2.7.0):
    - AFNetworking/Reachability
    - AFNetworking/Security
    - AFNetworking/Serialization
  - AFNetworking/NSURLSession (2.7.0):
    - AFNetworking/Reachability
    - AFNetworking/Security
    - AFNetworking/Serialization
  - AFNetworking/Reachability (2.7.0)
  - AFNetworking/Security (2.7.0)
  - AFNetworking/Serialization (2.7.0)
  - AFNetworking/UIKit (2.7.0):
    - AFNetworking/NSURLConnection
    - AFNetworking/NSURLSession
  - CTMediatoKit (0.0.2):
    - CTMediator
  - CTMediator (25)
  - SLWebEngine (0.0.4):
    - AFNetworking (~> 2.3)
    - CTMediatoKit (~> 0.0.2)

DEPENDENCIES:
  - CTMediatoKit (~> 0.0.2)
  - SLWebEngine (from `../`)

SPEC REPOS:
  https://github.com/cocoapods/specs.git:
    - AFNetworking
    - CTMediator
  https://github.com/forestfsl/SegmentSpecs.git:
    - CTMediatoKit

EXTERNAL SOURCES:
  SLWebEngine:
    :path: "../"

SPEC CHECKSUMS:
  AFNetworking: 8dd5f9b9691e09186393069a12cc3b5ed7c8b511
  CTMediatoKit: dd4cb5df12798d01011303837839d8473c9cf955
  CTMediator: 830c1fc204b3a6abf2a059510c7380f56343da0f
  SLWebEngine: a2579129a8a777f796f33902b4d55989d45da5bb

PODFILE CHECKSUM: b6f3de3f38b3553f98f60524286c04e7b293d8a4

COCOAPODS: 1.7.5
